{
  "name": "commerce-platform",
  "lockfileVersion": 2,
  "requires": true,
  "packages": {
    "": {
      "dependencies": {
        "@vant/weapp": "^1.10.19",
        "mp-html": "^2.4.2"
      }
    },
    "node_modules/@vant/weapp": {
      "version": "1.10.19",
      "resolved": "https://registry.npmjs.org/@vant/weapp/-/weapp-1.10.19.tgz",
      "integrity": "sha512-RStOPlSELi9lqim9dGagguViUVMNnfZaEceZ248JZgPjn5TzL2nwwHGWl9VI69SBPC+5MPS+LXm7Z4jcdscFeg=="
    },
    "node_modules/mp-html": {
      "version": "2.4.2",
      "resolved": "https://registry.npmjs.org/mp-html/-/mp-html-2.4.2.tgz",
      "integrity": "sha512-MSfJh5ckuaI2uibeO4qiUl2e/j5fpXy6cmW/ZzSkb+U3rTJfMSNzODqrDwG0YWOd8BVI+tD9/jLZiBhJbMupUg=="
    }
  },
  "dependencies": {
    "@vant/weapp": {
      "version": "1.10.19",
      "resolved": "https://registry.npmjs.org/@vant/weapp/-/weapp-1.10.19.tgz",
      "integrity": "sha512-RStOPlSELi9lqim9dGagguViUVMNnfZaEceZ248JZgPjn5TzL2nwwHGWl9VI69SBPC+5MPS+LXm7Z4jcdscFeg=="
    },
    "mp-html": {
      "version": "2.4.2",
      "resolved": "https://registry.npmjs.org/mp-html/-/mp-html-2.4.2.tgz",
      "integrity": "sha512-MSfJh5ckuaI2uibeO4qiUl2e/j5fpXy6cmW/ZzSkb+U3rTJfMSNzODqrDwG0YWOd8BVI+tD9/jLZiBhJbMupUg=="
    }
  }
}
